
Microsoft Visual Studio Solution File, Format Version 12.00
# Visual Studio 2012
Project("{8BC9CEB8-8B4A-11D0-8D11-00A0C91BC942}") = "CFun", "CFun\CFun.vcxproj", "{162409CF-552F-43CC-8C1F-CAA9FFE85435}"
EndProject
Project("{8BC9CEB8-8B4A-11D0-8D11-00A0C91BC942}") = "IPCServer", "IPC\IPC.vcxproj", "{22992256-7ABF-41D8-AEB4-DC2AEBAFD4F5}"
EndProject
Project("{8BC9CEB8-8B4A-11D0-8D11-00A0C91BC942}") = "IPCClient", "IPCClient\IPCClient.vcxproj", "{56E0DA0B-052B-499E-9B26-5D3E34630F94}"
EndProject
Global
	GlobalSection(SolutionConfigurationPlatforms) = preSolution
		Debug|Win32 = Debug|Win32
		Release|Win32 = Release|Win32
	EndGlobalSection
	GlobalSection(ProjectConfigurationPlatforms) = postSolution
		{162409CF-552F-43CC-8C1F-CAA9FFE85435}.Debug|Win32.ActiveCfg = Debug|Win32
		{162409CF-552F-43CC-8C1F-CAA9FFE85435}.Debug|Win32.Build.0 = Debug|Win32
		{162409CF-552F-43CC-8C1F-CAA9FFE85435}.Release|Win32.ActiveCfg = Release|Win32
		{162409CF-552F-43CC-8C1F-CAA9FFE85435}.Release|Win32.Build.0 = Release|Win32
		{22992256-7ABF-41D8-AEB4-DC2AEBAFD4F5}.Debug|Win32.ActiveCfg = Debug|Win32
		{22992256-7ABF-41D8-AEB4-DC2AEBAFD4F5}.Debug|Win32.Build.0 = Debug|Win32
		{22992256-7ABF-41D8-AEB4-DC2AEBAFD4F5}.Release|Win32.ActiveCfg = Release|Win32
		{22992256-7ABF-41D8-AEB4-DC2AEBAFD4F5}.Release|Win32.Build.0 = Release|Win32
		{56E0DA0B-052B-499E-9B26-5D3E34630F94}.Debug|Win32.ActiveCfg = Debug|Win32
		{56E0DA0B-052B-499E-9B26-5D3E34630F94}.Debug|Win32.Build.0 = Debug|Win32
		{56E0DA0B-052B-499E-9B26-5D3E34630F94}.Release|Win32.ActiveCfg = Release|Win32
		{56E0DA0B-052B-499E-9B26-5D3E34630F94}.Release|Win32.Build.0 = Release|Win32
	EndGlobalSection
	GlobalSection(SolutionProperties) = preSolution
		HideSolutionNode = FALSE
	EndGlobalSection
EndGlobal
